# This file is generated by running "yarn install" inside your project.
# Manual changes might be lost - proceed with caution!

__metadata:
  version: 6
  cacheKey: 8

"@test/back@workspace:back":
  version: 0.0.0-use.local
  resolution: "@test/back@workspace:back"
  dependencies:
    "@test/shared": "workspace:^"
    "@types/node": ^17.0.23
    typescript: ^4.6.3
  languageName: unknown
  linkType: soft

"@test/front@workspace:front":
  version: 0.0.0-use.local
  resolution: "@test/front@workspace:front"
  dependencies:
    "@types/node": ^17.0.23
    typescript: ^4.6.3
  languageName: unknown
  linkType: soft

"@test/shared@workspace:^, @test/shared@workspace:shared":
  version: 0.0.0-use.local
  resolution: "@test/shared@workspace:shared"
  dependencies:
    typescript: ^4.6.3
  languageName: unknown
  linkType: soft

"@types/node@npm:^17.0.23":
  version: 17.0.25
  resolution: "@types/node@npm:17.0.25"
  checksum: 6a820bd624e69ea772f52a6cdb326484eff5829443dc981939373929ade109f58c21698b9f0a831bd6ceea799e722a75dc49c5fa7a6bc32a81e1cbdfc6507b64
  languageName: node
  linkType: hard

"test@workspace:.":
  version: 0.0.0-use.local
  resolution: "test@workspace:."
  dependencies:
    typescript: ^4.6.3
  languageName: unknown
  linkType: soft

"typescript@npm:^4.6.3":
  version: 4.6.3
  resolution: "typescript@npm:4.6.3"
  bin:
    tsc: bin/tsc
    tsserver: bin/tsserver
  checksum: 255bb26c8cb846ca689dd1c3a56587af4f69055907aa2c154796ea28ee0dea871535b1c78f85a6212c77f2657843a269c3a742d09d81495b97b914bf7920415b
  languageName: node
  linkType: hard

"typescript@patch:typescript@^4.6.3#~builtin<compat/typescript>":
  version: 4.6.3
  resolution: "typescript@patch:typescript@npm%3A4.6.3#~builtin<compat/typescript>::version=4.6.3&hash=bda367"
  bin:
    tsc: bin/tsc
    tsserver: bin/tsserver
  checksum: 6bf45caf847062420592e711bc9c28bf5f9a9a7fa8245343b81493e4ededae33f1774009d1234d911422d1646a2c839f44e1a23ecb111b40a60ac2ea4c1482a8
  languageName: node
  linkType: hard
